// !$*UTF8*$!
{
	archiveVersion = 1;
	classes = {
	};
	objectVersion = 50;
	objects = {

/* Begin PBXBuildFile section */
		1D74524624AEA93C00C65621 /* AppDelegate.swift in Sources */ = {isa = PBXBuildFile; fileRef = 1D74524524AEA93C00C65621 /* AppDelegate.swift */; };
		1D74524824AEA93C00C65621 /* ContentView.swift in Sources */ = {isa = PBXBuildFile; fileRef = 1D74524724AEA93C00C65621 /* ContentView.swift */; };
		1D74524A24AEA93E00C65621 /* Assets.xcassets in Resources */ = {isa = PBXBuildFile; fileRef = 1D74524924AEA93E00C65621 /* Assets.xcassets */; };
		1D74524D24AEA93E00C65621 /* Preview Assets.xcassets in Resources */ = {isa = PBXBuildFile; fileRef = 1D74524C24AEA93E00C65621 /* Preview Assets.xcassets */; };
		1D74525024AEA93E00C65621 /* Main.storyboard in Resources */ = {isa = PBXBuildFile; fileRef = 1D74524E24AEA93E00C65621 /* Main.storyboard */; };
		1D74525A24AEA97E00C65621 /* Animation.swift in Sources */ = {isa = PBXBuildFile; fileRef = 1D74525924AEA97E00C65621 /* Animation.swift */; };
		1D74525C24AEB2C900C65621 /* Windmill.swift in Sources */ = {isa = PBXBuildFile; fileRef = 1D74525B24AEB2C900C65621 /* Windmill.swift */; };
		1D7F493824AF303900BD6348 /* Modifiers.swift in Sources */ = {isa = PBXBuildFile; fileRef = 1D7F493724AF303900BD6348 /* Modifiers.swift */; };
		1D7F493A24AF6FF200BD6348 /* Sun.swift in Sources */ = {isa = PBXBuildFile; fileRef = 1D7F493924AF6FF200BD6348 /* Sun.swift */; };
		1D7F493C24AF80F700BD6348 /* AnimationState.swift in Sources */ = {isa = PBXBuildFile; fileRef = 1D7F493B24AF80F700BD6348 /* AnimationState.swift */; };
		1D7F493E24AF811800BD6348 /* AnimationStage.swift in Sources */ = {isa = PBXBuildFile; fileRef = 1D7F493D24AF811800BD6348 /* AnimationStage.swift */; };
		1D7F494324AF8B6A00BD6348 /* Intro.swift in Sources */ = {isa = PBXBuildFile; fileRef = 1D7F494224AF8B6A00BD6348 /* Intro.swift */; };
		1D82CB6024AF9959009531DB /* Outro.swift in Sources */ = {isa = PBXBuildFile; fileRef = 1D82CB5F24AF9959009531DB /* Outro.swift */; };
		1D82CB7624B3846C009531DB /* StateView.swift in Sources */ = {isa = PBXBuildFile; fileRef = 1D82CB7524B3846C009531DB /* StateView.swift */; };
		1D82CB7824B3882D009531DB /* StateWrapper.swift in Sources */ = {isa = PBXBuildFile; fileRef = 1D82CB7724B3882D009531DB /* StateWrapper.swift */; };
		1D82CB7B24B38C60009531DB /* CodeBox.swift in Sources */ = {isa = PBXBuildFile; fileRef = 1D82CB7A24B38C60009531DB /* CodeBox.swift */; };
		1D82CB7D24B3B009009531DB /* BindingWrapper.swift in Sources */ = {isa = PBXBuildFile; fileRef = 1D82CB7C24B3B009009531DB /* BindingWrapper.swift */; };
		1D82CB7F24B3B0A8009531DB /* SlideHeading.swift in Sources */ = {isa = PBXBuildFile; fileRef = 1D82CB7E24B3B0A8009531DB /* SlideHeading.swift */; };
/* End PBXBuildFile section */

/* Begin PBXFileReference section */
		1D74524224AEA93C00C65621 /* techie_brekkie.app */ = {isa = PBXFileReference; explicitFileType = wrapper.application; includeInIndex = 0; path = techie_brekkie.app; sourceTree = BUILT_PRODUCTS_DIR; };
		1D74524524AEA93C00C65621 /* AppDelegate.swift */ = {isa = PBXFileReference; lastKnownFileType = sourcecode.swift; path = AppDelegate.swift; sourceTree = "<group>"; };
		1D74524724AEA93C00C65621 /* ContentView.swift */ = {isa = PBXFileReference; lastKnownFileType = sourcecode.swift; path = ContentView.swift; sourceTree = "<group>"; };
		1D74524924AEA93E00C65621 /* Assets.xcassets */ = {isa = PBXFileReference; lastKnownFileType = folder.assetcatalog; path = Assets.xcassets; sourceTree = "<group>"; };
		1D74524C24AEA93E00C65621 /* Preview Assets.xcassets */ = {isa = PBXFileReference; lastKnownFileType = folder.assetcatalog; path = "Preview Assets.xcassets"; sourceTree = "<group>"; };
		1D74524F24AEA93E00C65621 /* Base */ = {isa = PBXFileReference; lastKnownFileType = file.storyboard; name = Base; path = Base.lproj/Main.storyboard; sourceTree = "<group>"; };
		1D74525124AEA93E00C65621 /* Info.plist */ = {isa = PBXFileReference; lastKnownFileType = text.plist.xml; path = Info.plist; sourceTree = "<group>"; };
		1D74525224AEA93E00C65621 /* techie_brekkie.entitlements */ = {isa = PBXFileReference; lastKnownFileType = text.plist.entitlements; path = techie_brekkie.entitlements; sourceTree = "<group>"; };
		1D74525924AEA97E00C65621 /* Animation.swift */ = {isa = PBXFileReference; lastKnownFileType = sourcecode.swift; path = Animation.swift; sourceTree = "<group>"; };
		1D74525B24AEB2C900C65621 /* Windmill.swift */ = {isa = PBXFileReference; lastKnownFileType = sourcecode.swift; path = Windmill.swift; sourceTree = "<group>"; };
		1D7F493724AF303900BD6348 /* Modifiers.swift */ = {isa = PBXFileReference; lastKnownFileType = sourcecode.swift; path = Modifiers.swift; sourceTree = "<group>"; };
		1D7F493924AF6FF200BD6348 /* Sun.swift */ = {isa = PBXFileReference; lastKnownFileType = sourcecode.swift; path = Sun.swift; sourceTree = "<group>"; };
		1D7F493B24AF80F700BD6348 /* AnimationState.swift */ = {isa = PBXFileReference; lastKnownFileType = sourcecode.swift; path = AnimationState.swift; sourceTree = "<group>"; };
		1D7F493D24AF811800BD6348 /* AnimationStage.swift */ = {isa = PBXFileReference; lastKnownFileType = sourcecode.swift; path = AnimationStage.swift; sourceTree = "<group>"; };
		1D7F494224AF8B6A00BD6348 /* Intro.swift */ = {isa = PBXFileReference; lastKnownFileType = sourcecode.swift; path = Intro.swift; sourceTree = "<group>"; };
		1D82CB5F24AF9959009531DB /* Outro.swift */ = {isa = PBXFileReference; lastKnownFileType = sourcecode.swift; path = Outro.swift; sourceTree = "<group>"; };
		1D82CB7524B3846C009531DB /* StateView.swift */ = {isa = PBXFileReference; lastKnownFileType = sourcecode.swift; path = StateView.swift; sourceTree = "<group>"; };
		1D82CB7724B3882D009531DB /* StateWrapper.swift */ = {isa = PBXFileReference; lastKnownFileType = sourcecode.swift; path = StateWrapper.swift; sourceTree = "<group>"; };
		1D82CB7A24B38C60009531DB /* CodeBox.swift */ = {isa = PBXFileReference; lastKnownFileType = sourcecode.swift; path = CodeBox.swift; sourceTree = "<group>"; };
		1D82CB7C24B3B009009531DB /* BindingWrapper.swift */ = {isa = PBXFileReference; lastKnownFileType = sourcecode.swift; path = BindingWrapper.swift; sourceTree = "<group>"; };
		1D82CB7E24B3B0A8009531DB /* SlideHeading.swift */ = {isa = PBXFileReference; lastKnownFileType = sourcecode.swift; path = SlideHeading.swift; sourceTree = "<group>"; };
/* End PBXFileReference section */

/* Begin PBXFrameworksBuildPhase section */
		1D74523F24AEA93C00C65621 /* Frameworks */ = {
			isa = PBXFrameworksBuildPhase;
			buildActionMask = 2147483647;
			files = (
			);
			runOnlyForDeploymentPostprocessing = 0;
		};
/* End PBXFrameworksBuildPhase section */

/* Begin PBXGroup section */
		1D74523924AEA93C00C65621 = {
			isa = PBXGroup;
			children = (
				1D74524424AEA93C00C65621 /* techie_brekkie */,
				1D74524324AEA93C00C65621 /* Products */,
			);
			sourceTree = "<group>";
		};
		1D74524324AEA93C00C65621 /* Products */ = {
			isa = PBXGroup;
			children = (
				1D74524224AEA93C00C65621 /* techie_brekkie.app */,
			);
			name = Products;
			sourceTree = "<group>";
		};
		1D74524424AEA93C00C65621 /* techie_brekkie */ = {
			isa = PBXGroup;
			children = (
				1D7F494124AF8B2400BD6348 /* intro */,
				1D82CB7424B3845D009531DB /* state */,
				1D7F493624AF302C00BD6348 /* modifiers */,
				1D74525824AEA96D00C65621 /* animation */,
				1D82CB7924B38C3C009531DB /* shared */,
				1D74524524AEA93C00C65621 /* AppDelegate.swift */,
				1D74524724AEA93C00C65621 /* ContentView.swift */,
				1D74524924AEA93E00C65621 /* Assets.xcassets */,
				1D74524E24AEA93E00C65621 /* Main.storyboard */,
				1D74525124AEA93E00C65621 /* Info.plist */,
				1D74525224AEA93E00C65621 /* techie_brekkie.entitlements */,
				1D74524B24AEA93E00C65621 /* Preview Content */,
			);
			path = techie_brekkie;
			sourceTree = "<group>";
		};
		1D74524B24AEA93E00C65621 /* Preview Content */ = {
			isa = PBXGroup;
			children = (
				1D74524C24AEA93E00C65621 /* Preview Assets.xcassets */,
			);
			path = "Preview Content";
			sourceTree = "<group>";
		};
		1D74525824AEA96D00C65621 /* animation */ = {
			isa = PBXGroup;
			children = (
				1D74525924AEA97E00C65621 /* Animation.swift */,
				1D74525B24AEB2C900C65621 /* Windmill.swift */,
				1D7F493924AF6FF200BD6348 /* Sun.swift */,
				1D7F493B24AF80F700BD6348 /* AnimationState.swift */,
				1D7F493D24AF811800BD6348 /* AnimationStage.swift */,
			);
			path = animation;
			sourceTree = "<group>";
		};
		1D7F493624AF302C00BD6348 /* modifiers */ = {
			isa = PBXGroup;
			children = (
				1D7F493724AF303900BD6348 /* Modifiers.swift */,
			);
			path = modifiers;
			sourceTree = "<group>";
		};
		1D7F494124AF8B2400BD6348 /* intro */ = {
			isa = PBXGroup;
			children = (
				1D7F494224AF8B6A00BD6348 /* Intro.swift */,
				1D82CB5F24AF9959009531DB /* Outro.swift */,
			);
			path = intro;
			sourceTree = "<group>";
		};
		1D82CB7424B3845D009531DB /* state */ = {
			isa = PBXGroup;
			children = (
				1D82CB7524B3846C009531DB /* StateView.swift */,
				1D82CB7724B3882D009531DB /* StateWrapper.swift */,
				1D82CB7C24B3B009009531DB /* BindingWrapper.swift */,
			);
			path = state;
			sourceTree = "<group>";
		};
		1D82CB7924B38C3C009531DB /* shared */ = {
			isa = PBXGroup;
			children = (
				1D82CB7A24B38C60009531DB /* CodeBox.swift */,
				1D82CB7E24B3B0A8009531DB /* SlideHeading.swift */,
			);
			path = shared;
			sourceTree = "<group>";
		};
/* End PBXGroup section */

/* Begin PBXNativeTarget section */
		1D74524124AEA93C00C65621 /* techie_brekkie */ = {
			isa = PBXNativeTarget;
			buildConfigurationList = 1D74525524AEA93E00C65621 /* Build configuration list for PBXNativeTarget "techie_brekkie" */;
			buildPhases = (
				1D74523E24AEA93C00C65621 /* Sources */,
				1D74523F24AEA93C00C65621 /* Frameworks */,
				1D74524024AEA93C00C65621 /* Resources */,
			);
			buildRules = (
			);
			dependencies = (
			);
			name = techie_brekkie;
			productName = techie_brekkie;
			productReference = 1D74524224AEA93C00C65621 /* techie_brekkie.app */;
			productType = "com.apple.product-type.application";
		};
/* End PBXNativeTarget section */

/* Begin PBXProject section */
		1D74523A24AEA93C00C65621 /* Project object */ = {
			isa = PBXProject;
			attributes = {
				LastSwiftUpdateCheck = 1150;
				LastUpgradeCheck = 1150;
				ORGANIZATIONNAME = "David Grew";
				TargetAttributes = {
					1D74524124AEA93C00C65621 = {
						CreatedOnToolsVersion = 11.5;
					};
				};
			};
			buildConfigurationList = 1D74523D24AEA93C00C65621 /* Build configuration list for PBXProject "techie_brekkie" */;
			compatibilityVersion = "Xcode 9.3";
			developmentRegion = en;
			hasScannedForEncodings = 0;
			knownRegions = (
				en,
				Base,
			);
			mainGroup = 1D74523924AEA93C00C65621;
			productRefGroup = 1D74524324AEA93C00C65621 /* Products */;
			projectDirPath = "";
			projectRoot = "";
			targets = (
				1D74524124AEA93C00C65621 /* techie_brekkie */,
			);
		};
/* End PBXProject section */

/* Begin PBXResourcesBuildPhase section */
		1D74524024AEA93C00C65621 /* Resources */ = {
			isa = PBXResourcesBuildPhase;
			buildActionMask = 2147483647;
			files = (
				1D74525024AEA93E00C65621 /* Main.storyboard in Resources */,
				1D74524D24AEA93E00C65621 /* Preview Assets.xcassets in Resources */,
				1D74524A24AEA93E00C65621 /* Assets.xcassets in Resources */,
			);
			runOnlyForDeploymentPostprocessing = 0;
		};
/* End PBXResourcesBuildPhase section */

/* Begin PBXSourcesBuildPhase section */
		1D74523E24AEA93C00C65621 /* Sources */ = {
			isa = PBXSourcesBuildPhase;
			buildActionMask = 2147483647;
			files = (
				1D74524824AEA93C00C65621 /* ContentView.swift in Sources */,
				1D74525C24AEB2C900C65621 /* Windmill.swift in Sources */,
				1D7F494324AF8B6A00BD6348 /* Intro.swift in Sources */,
				1D82CB7D24B3B009009531DB /* BindingWrapper.swift in Sources */,
				1D82CB7824B3882D009531DB /* StateWrapper.swift in Sources */,
				1D82CB7F24B3B0A8009531DB /* SlideHeading.swift in Sources */,
				1D82CB7624B3846C009531DB /* StateView.swift in Sources */,
				1D7F493A24AF6FF200BD6348 /* Sun.swift in Sources */,
				1D7F493E24AF811800BD6348 /* AnimationStage.swift in Sources */,
				1D82CB6024AF9959009531DB /* Outro.swift in Sources */,
				1D82CB7B24B38C60009531DB /* CodeBox.swift in Sources */,
				1D7F493C24AF80F700BD6348 /* AnimationState.swift in Sources */,
				1D74525A24AEA97E00C65621 /* Animation.swift in Sources */,
				1D7F493824AF303900BD6348 /* Modifiers.swift in Sources */,
				1D74524624AEA93C00C65621 /* AppDelegate.swift in Sources */,
			);
			runOnlyForDeploymentPostprocessing = 0;
		};
/* End PBXSourcesBuildPhase section */

/* Begin PBXVariantGroup section */
		1D74524E24AEA93E00C65621 /* Main.storyboard */ = {
			isa = PBXVariantGroup;
			children = (
				1D74524F24AEA93E00C65621 /* Base */,
			);
			name = Main.storyboard;
			sourceTree = "<group>";
		};
/* End PBXVariantGroup section */

/* Begin XCBuildConfiguration section */
		1D74525324AEA93E00C65621 /* Debug */ = {
			isa = XCBuildConfiguration;
			buildSettings = {
				ALWAYS_SEARCH_USER_PATHS = NO;
				CLANG_ANALYZER_NONNULL = YES;
				CLANG_ANALYZER_NUMBER_OBJECT_CONVERSION = YES_AGGRESSIVE;
				CLANG_CXX_LANGUAGE_STANDARD = "gnu++14";
				CLANG_CXX_LIBRARY = "libc++";
				CLANG_ENABLE_MODULES = YES;
				CLANG_ENABLE_OBJC_ARC = YES;
				CLANG_ENABLE_OBJC_WEAK = YES;
				CLANG_WARN_BLOCK_CAPTURE_AUTORELEASING = YES;
				CLANG_WARN_BOOL_CONVERSION = YES;
				CLANG_WARN_COMMA = YES;
				CLANG_WARN_CONSTANT_CONVERSION = YES;
				CLANG_WARN_DEPRECATED_OBJC_IMPLEMENTATIONS = YES;
				CLANG_WARN_DIRECT_OBJC_ISA_USAGE = YES_ERROR;
				CLANG_WARN_DOCUMENTATION_COMMENTS = YES;
				CLANG_WARN_EMPTY_BODY = YES;
				CLANG_WARN_ENUM_CONVERSION = YES;
				CLANG_WARN_INFINITE_RECURSION = YES;
				CLANG_WARN_INT_CONVERSION = YES;
				CLANG_WARN_NON_LITERAL_NULL_CONVERSION = YES;
				CLANG_WARN_OBJC_IMPLICIT_RETAIN_SELF = YES;
				CLANG_WARN_OBJC_LITERAL_CONVERSION = YES;
				CLANG_WARN_OBJC_ROOT_CLASS = YES_ERROR;
				CLANG_WARN_RANGE_LOOP_ANALYSIS = YES;
				CLANG_WARN_STRICT_PROTOTYPES = YES;
				CLANG_WARN_SUSPICIOUS_MOVE = YES;
				CLANG_WARN_UNGUARDED_AVAILABILITY = YES_AGGRESSIVE;
				CLANG_WARN_UNREACHABLE_CODE = YES;
				CLANG_WARN__DUPLICATE_METHOD_MATCH = YES;
				COPY_PHASE_STRIP = NO;
				DEBUG_INFORMATION_FORMAT = dwarf;
				ENABLE_STRICT_OBJC_MSGSEND = YES;
				ENABLE_TESTABILITY = YES;
				GCC_C_LANGUAGE_STANDARD = gnu11;
				GCC_DYNAMIC_NO_PIC = NO;
				GCC_NO_COMMON_BLOCKS = YES;
				GCC_OPTIMIZATION_LEVEL = 0;
				GCC_PREPROCESSOR_DEFINITIONS = (
					"DEBUG=1",
					"$(inherited)",
				);
				GCC_WARN_64_TO_32_BIT_CONVERSION = YES;
				GCC_WARN_ABOUT_RETURN_TYPE = YES_ERROR;
				GCC_WARN_UNDECLARED_SELECTOR = YES;
				GCC_WARN_UNINITIALIZED_AUTOS = YES_AGGRESSIVE;
				GCC_WARN_UNUSED_FUNCTION = YES;
				GCC_WARN_UNUSED_VARIABLE = YES;
				MACOSX_DEPLOYMENT_TARGET = 10.15;
				MTL_ENABLE_DEBUG_INFO = INCLUDE_SOURCE;
				MTL_FAST_MATH = YES;
				ONLY_ACTIVE_ARCH = YES;
				SDKROOT = macosx;
				SWIFT_ACTIVE_COMPILATION_CONDITIONS = DEBUG;
				SWIFT_OPTIMIZATION_LEVEL = "-Onone";
			};
			name = Debug;
		};
		1D74525424AEA93E00C65621 /* Release */ = {
			isa = XCBuildConfiguration;
			buildSettings = {
				ALWAYS_SEARCH_USER_PATHS = NO;
				CLANG_ANALYZER_NONNULL = YES;
				CLANG_ANALYZER_NUMBER_OBJECT_CONVERSION = YES_AGGRESSIVE;
				CLANG_CXX_LANGUAGE_STANDARD = "gnu++14";
				CLANG_CXX_LIBRARY = "libc++";
				CLANG_ENABLE_MODULES = YES;
				CLANG_ENABLE_OBJC_ARC = YES;
				CLANG_ENABLE_OBJC_WEAK = YES;
				CLANG_WARN_BLOCK_CAPTURE_AUTORELEASING = YES;
				CLANG_WARN_BOOL_CONVERSION = YES;
				CLANG_WARN_COMMA = YES;
				CLANG_WARN_CONSTANT_CONVERSION = YES;
				CLANG_WARN_DEPRECATED_OBJC_IMPLEMENTATIONS = YES;
				CLANG_WARN_DIRECT_OBJC_ISA_USAGE = YES_ERROR;
				CLANG_WARN_DOCUMENTATION_COMMENTS = YES;
				CLANG_WARN_EMPTY_BODY = YES;
				CLANG_WARN_ENUM_CONVERSION = YES;
				CLANG_WARN_INFINITE_RECURSION = YES;
				CLANG_WARN_INT_CONVERSION = YES;
				CLANG_WARN_NON_LITERAL_NULL_CONVERSION = YES;
				CLANG_WARN_OBJC_IMPLICIT_RETAIN_SELF = YES;
				CLANG_WARN_OBJC_LITERAL_CONVERSION = YES;
				CLANG_WARN_OBJC_ROOT_CLASS = YES_ERROR;
				CLANG_WARN_RANGE_LOOP_ANALYSIS = YES;
				CLANG_WARN_STRICT_PROTOTYPES = YES;
				CLANG_WARN_SUSPICIOUS_MOVE = YES;
				CLANG_WARN_UNGUARDED_AVAILABILITY = YES_AGGRESSIVE;
				CLANG_WARN_UNREACHABLE_CODE = YES;
				CLANG_WARN__DUPLICATE_METHOD_MATCH = YES;
				COPY_PHASE_STRIP = NO;
				DEBUG_INFORMATION_FORMAT = "dwarf-with-dsym";
				ENABLE_NS_ASSERTIONS = NO;
				ENABLE_STRICT_OBJC_MSGSEND = YES;
				GCC_C_LANGUAGE_STANDARD = gnu11;
				GCC_NO_COMMON_BLOCKS = YES;
				GCC_WARN_64_TO_32_BIT_CONVERSION = YES;
				GCC_WARN_ABOUT_RETURN_TYPE = YES_ERROR;
				GCC_WARN_UNDECLARED_SELECTOR = YES;
				GCC_WARN_UNINITIALIZED_AUTOS = YES_AGGRESSIVE;
				GCC_WARN_UNUSED_FUNCTION = YES;
				GCC_WARN_UNUSED_VARIABLE = YES;
				MACOSX_DEPLOYMENT_TARGET = 10.15;
				MTL_ENABLE_DEBUG_INFO = NO;
				MTL_FAST_MATH = YES;
				SDKROOT = macosx;
				SWIFT_COMPILATION_MODE = wholemodule;
				SWIFT_OPTIMIZATION_LEVEL = "-O";
			};
			name = Release;
		};
		1D74525624AEA93E00C65621 /* Debug */ = {
			isa = XCBuildConfiguration;
			buildSettings = {
				ASSETCATALOG_COMPILER_APPICON_NAME = AppIcon;
				CODE_SIGN_ENTITLEMENTS = techie_brekkie/techie_brekkie.entitlements;
				CODE_SIGN_STYLE = Automatic;
				COMBINE_HIDPI_IMAGES = YES;
				DEVELOPMENT_ASSET_PATHS = "\"techie_brekkie/Preview Content\"";
				DEVELOPMENT_TEAM = E3XM73DHEY;
				ENABLE_HARDENED_RUNTIME = YES;
				ENABLE_PREVIEWS = YES;
				INFOPLIST_FILE = techie_brekkie/Info.plist;
				LD_RUNPATH_SEARCH_PATHS = (
					"$(inherited)",
					"@executable_path/../Frameworks",
				);
				MACOSX_DEPLOYMENT_TARGET = 10.15;
				PRODUCT_BUNDLE_IDENTIFIER = "uk.me.davidgrew.techie-brekkie";
				PRODUCT_NAME = "$(TARGET_NAME)";
				SWIFT_VERSION = 5.0;
			};
			name = Debug;
		};
		1D74525724AEA93E00C65621 /* Release */ = {
			isa = XCBuildConfiguration;
			buildSettings = {
				ASSETCATALOG_COMPILER_APPICON_NAME = AppIcon;
				CODE_SIGN_ENTITLEMENTS = techie_brekkie/techie_brekkie.entitlements;
				CODE_SIGN_STYLE = Automatic;
				COMBINE_HIDPI_IMAGES = YES;
				DEVELOPMENT_ASSET_PATHS = "\"techie_brekkie/Preview Content\"";
				DEVELOPMENT_TEAM = E3XM73DHEY;
				ENABLE_HARDENED_RUNTIME = YES;
				ENABLE_PREVIEWS = YES;
				INFOPLIST_FILE = techie_brekkie/Info.plist;
				LD_RUNPATH_SEARCH_PATHS = (
					"$(inherited)",
					"@executable_path/../Frameworks",
				);
				MACOSX_DEPLOYMENT_TARGET = 10.15;
				PRODUCT_BUNDLE_IDENTIFIER = "uk.me.davidgrew.techie-brekkie";
				PRODUCT_NAME = "$(TARGET_NAME)";
				SWIFT_VERSION = 5.0;
			};
			name = Release;
		};
/* End XCBuildConfiguration section */

/* Begin XCConfigurationList section */
		1D74523D24AEA93C00C65621 /* Build configuration list for PBXProject "techie_brekkie" */ = {
			isa = XCConfigurationList;
			buildConfigurations = (
				1D74525324AEA93E00C65621 /* Debug */,
				1D74525424AEA93E00C65621 /* Release */,
			);
			defaultConfigurationIsVisible = 0;
			defaultConfigurationName = Release;
		};
		1D74525524AEA93E00C65621 /* Build configuration list for PBXNativeTarget "techie_brekkie" */ = {
			isa = XCConfigurationList;
			buildConfigurations = (
				1D74525624AEA93E00C65621 /* Debug */,
				1D74525724AEA93E00C65621 /* Release */,
			);
			defaultConfigurationIsVisible = 0;
			defaultConfigurationName = Release;
		};
/* End XCConfigurationList section */
	};
	rootObject = 1D74523A24AEA93C00C65621 /* Project object */;
}
